
Microsoft Visual Studio Solution File, Format Version 12.00
# Visual Studio 2013
VisualStudioVersion = 12.0.31101.0
MinimumVisualStudioVersion = 10.0.40219.1
Project("{78C9907C-C22D-4F8D-B13A-49F213FF1631}") = "rust_application1", "rust_application1.rsproj", "{00EBB482-995F-4B5A-8CE8-EF4C459580C6}"
EndProject
Global
	GlobalSection(SolutionConfigurationPlatforms) = preSolution
		Debug|default = Debug|default
		Release|default = Release|default
	EndGlobalSection
	GlobalSection(ProjectConfigurationPlatforms) = postSolution
		{00EBB482-995F-4B5A-8CE8-EF4C459580C6}.Debug|default.ActiveCfg = Debug|default
		{00EBB482-995F-4B5A-8CE8-EF4C459580C6}.Debug|default.Build.0 = Debug|default
		{00EBB482-995F-4B5A-8CE8-EF4C459580C6}.Release|default.ActiveCfg = Release|default
		{00EBB482-995F-4B5A-8CE8-EF4C459580C6}.Release|default.Build.0 = Release|default
	EndGlobalSection
	GlobalSection(SolutionProperties) = preSolution
		HideSolutionNode = FALSE
	EndGlobalSection
EndGlobal
