
Microsoft Visual Studio Solution File, Format Version 12.00
# Visual Studio 14
VisualStudioVersion = 14.0.24720.0
MinimumVisualStudioVersion = 10.0.40219.1
Project("{002A2DE9-8BB6-484D-9802-7E4AD4084715}") = "app_1", "app_1.visualdproj", "{DA1F38E3-8B92-49E6-86E1-5773418EBE4E}"
EndProject
Global
	GlobalSection(SolutionConfigurationPlatforms) = preSolution
		Debug DMD|x64 = Debug DMD|x64
		Debug DMD|x86 = Debug DMD|x86
		Debug LDC|x64 = Debug LDC|x64
		Debug LDC|x86 = Debug LDC|x86
		Release DMD|x64 = Release DMD|x64
		Release DMD|x86 = Release DMD|x86
		Release LDC|x64 = Release LDC|x64
		Release LDC|x86 = Release LDC|x86
	EndGlobalSection
	GlobalSection(ProjectConfigurationPlatforms) = postSolution
		{DA1F38E3-8B92-49E6-86E1-5773418EBE4E}.Debug DMD|x64.ActiveCfg = Debug DMD|x64
		{DA1F38E3-8B92-49E6-86E1-5773418EBE4E}.Debug DMD|x64.Build.0 = Debug DMD|x64
		{DA1F38E3-8B92-49E6-86E1-5773418EBE4E}.Debug DMD|x86.ActiveCfg = Debug DMD|Win32
		{DA1F38E3-8B92-49E6-86E1-5773418EBE4E}.Debug DMD|x86.Build.0 = Debug DMD|Win32
		{DA1F38E3-8B92-49E6-86E1-5773418EBE4E}.Debug LDC|x64.ActiveCfg = Debug LDC|x64
		{DA1F38E3-8B92-49E6-86E1-5773418EBE4E}.Debug LDC|x64.Build.0 = Debug LDC|x64
		{DA1F38E3-8B92-49E6-86E1-5773418EBE4E}.Debug LDC|x86.ActiveCfg = Debug LDC|Win32
		{DA1F38E3-8B92-49E6-86E1-5773418EBE4E}.Debug LDC|x86.Build.0 = Debug LDC|Win32
		{DA1F38E3-8B92-49E6-86E1-5773418EBE4E}.Release DMD|x64.ActiveCfg = Release DMD|x64
		{DA1F38E3-8B92-49E6-86E1-5773418EBE4E}.Release DMD|x64.Build.0 = Release DMD|x64
		{DA1F38E3-8B92-49E6-86E1-5773418EBE4E}.Release DMD|x86.ActiveCfg = Release DMD|Win32
		{DA1F38E3-8B92-49E6-86E1-5773418EBE4E}.Release DMD|x86.Build.0 = Release DMD|Win32
		{DA1F38E3-8B92-49E6-86E1-5773418EBE4E}.Release LDC|x64.ActiveCfg = Release LDC|x64
		{DA1F38E3-8B92-49E6-86E1-5773418EBE4E}.Release LDC|x64.Build.0 = Release LDC|x64
		{DA1F38E3-8B92-49E6-86E1-5773418EBE4E}.Release LDC|x86.ActiveCfg = Release LDC|Win32
		{DA1F38E3-8B92-49E6-86E1-5773418EBE4E}.Release LDC|x86.Build.0 = Release LDC|Win32
	EndGlobalSection
	GlobalSection(SolutionProperties) = preSolution
		HideSolutionNode = FALSE
	EndGlobalSection
EndGlobal
