<?xml version="1.0" encoding="utf-8"?>
<Project ToolsVersion="4.0" xmlns="http://schemas.microsoft.com/developer/msbuild/2003">
  <ItemGroup>
    <ClCompile Include="..\src\aggregate_initialization.cpp" />
    <ClCompile Include="..\src\algorithms.cpp" />
    <ClCompile Include="..\src\initializer_list.cpp" />
    <ClCompile Include="..\src\lamdas.cpp" />
    <ClCompile Include="..\src\main.cpp" />
    <ClCompile Include="..\src\override.cpp" />
    <ClCompile Include="..\src\range_loop.cpp" />
    <ClCompile Include="..\src\template.cpp" />
    <ClCompile Include="..\src\tuple.cpp" />
    <ClCompile Include="..\src\type_traits.cpp" />
    <ClCompile Include="..\src\type_erasure.cpp" />
    <ClCompile Include="..\src\move.cpp" />
    <ClCompile Include="..\src\format_test.cpp" />
    <ClCompile Include="..\src\compare_vec3f.cpp" />
    <ClCompile Include="..\src\profile_idiv.cpp" />
    <ClCompile Include="..\src\stringstream.cpp" />
    <ClCompile Include="..\src\has_func.cpp" />
    <ClCompile Include="..\src\enable_if.cpp" />
  </ItemGroup>
  <ItemGroup>
    <Filter Include="format">
      <UniqueIdentifier>{202974e8-3001-43b3-a9cb-380ba1d328f3}</UniqueIdentifier>
    </Filter>
  </ItemGroup>
  <ItemGroup>
    <None Include="..\format\cmd.cmd">
      <Filter>format</Filter>
    </None>
    <None Include="..\format\cpp_sandbox_format.py">
      <Filter>format</Filter>
    </None>
    <None Include="..\format\format-google.py">
      <Filter>format</Filter>
    </None>
    <None Include="..\format\format-llvm.py">
      <Filter>format</Filter>
    </None>
    <None Include="..\format\format-mozilla.py">
      <Filter>format</Filter>
    </None>
    <None Include="..\format\format-webkit.py">
      <Filter>format</Filter>
    </None>
  </ItemGroup>
  <ItemGroup>
    <ClInclude Include="..\src\type_name.h" />
  </ItemGroup>
</Project>